
Microsoft Visual Studio Solution File, Format Version 12.00
# Visual Studio Version 16
VisualStudioVersion = 16.0.30011.22
MinimumVisualStudioVersion = 10.0.40219.1
Project("{FAE04EC0-301F-11D3-BF4B-00C04F79EFBC}") = "ElevatorApp", "ElevatorApp.csproj", "{690BC241-A53F-4107-951E-97EA4BA1C6DD}"
EndProject
Global
	GlobalSection(SolutionConfigurationPlatforms) = preSolution
		Debug|Any CPU = Debug|Any CPU
		Release|Any CPU = Release|Any CPU
	EndGlobalSection
	GlobalSection(ProjectConfigurationPlatforms) = postSolution
		{690BC241-A53F-4107-951E-97EA4BA1C6DD}.Debug|Any CPU.ActiveCfg = Debug|Any CPU
		{690BC241-A53F-4107-951E-97EA4BA1C6DD}.Debug|Any CPU.Build.0 = Debug|Any CPU
		{690BC241-A53F-4107-951E-97EA4BA1C6DD}.Release|Any CPU.ActiveCfg = Release|Any CPU
		{690BC241-A53F-4107-951E-97EA4BA1C6DD}.Release|Any CPU.Build.0 = Release|Any CPU
	EndGlobalSection
	GlobalSection(SolutionProperties) = preSolution
		HideSolutionNode = FALSE
	EndGlobalSection
	GlobalSection(ExtensibilityGlobals) = postSolution
		SolutionGuid = {772B9862-FFC4-44FA-BA68-F22E56A6E3B6}
	EndGlobalSection
EndGlobal
